
Microsoft Visual Studio Solution File, Format Version 12.00
# Visual Studio Version 17
VisualStudioVersion = 17.2.32505.173
MinimumVisualStudioVersion = 10.0.40219.1
Project("{9A19103F-16F7-4668-BE54-9A1E7A4F7556}") = "Patas.Em.Harmonia.API", "Patas.Em.Harmonia.API\Patas.Em.Harmonia.API.csproj", "{38DD356E-7000-4D1B-A73B-A999AB2EA3D2}"
EndProject
Project("{9A19103F-16F7-4668-BE54-9A1E7A4F7556}") = "Patas.Em.Harmonia.Domain", "Patas.Em.Harmonia.Domain\Patas.Em.Harmonia.Domain.csproj", "{36E407A7-1369-44D8-8930-8816CEED51F0}"
EndProject
Project("{9A19103F-16F7-4668-BE54-9A1E7A4F7556}") = "Patas.Em.Harmonia.Infrastructure.Setup", "Patas.Em.Harmonia.Infrastructure\Patas.Em.Harmonia.Infrastructure.Setup.csproj", "{2975C0CA-54F8-4A18-AB93-B22DB7FC4216}"
EndProject
Project("{9A19103F-16F7-4668-BE54-9A1E7A4F7556}") = "Patas.Em.Harmonia.Tests", "Patas.Em.Harmonia.Tests\Patas.Em.Harmonia.Tests.csproj", "{683D7D10-A029-4129-A7E1-71EB7B16C4DF}"
EndProject
Project("{9A19103F-16F7-4668-BE54-9A1E7A4F7556}") = "Patas.Em.Harmonia.Services", "Patas.Em.Harmonia.Services\Patas.Em.Harmonia.Services.csproj", "{939DEB97-9F37-4561-AF9F-00395767AD61}"
EndProject
Project("{FAE04EC0-301F-11D3-BF4B-00C04F79EFBC}") = "Patas.Em.Harmonia.Infrastructure.Data", "Patas.Em.Harmonia.Infrastructure.Data\Patas.Em.Harmonia.Infrastructure.Data.csproj", "{35B9AD90-B39D-414A-924B-5B48968645B3}"
EndProject
Global
	GlobalSection(SolutionConfigurationPlatforms) = preSolution
		Debug|Any CPU = Debug|Any CPU
		Release|Any CPU = Release|Any CPU
	EndGlobalSection
	GlobalSection(ProjectConfigurationPlatforms) = postSolution
		{38DD356E-7000-4D1B-A73B-A999AB2EA3D2}.Debug|Any CPU.ActiveCfg = Debug|Any CPU
		{38DD356E-7000-4D1B-A73B-A999AB2EA3D2}.Debug|Any CPU.Build.0 = Debug|Any CPU
		{38DD356E-7000-4D1B-A73B-A999AB2EA3D2}.Release|Any CPU.ActiveCfg = Release|Any CPU
		{38DD356E-7000-4D1B-A73B-A999AB2EA3D2}.Release|Any CPU.Build.0 = Release|Any CPU
		{36E407A7-1369-44D8-8930-8816CEED51F0}.Debug|Any CPU.ActiveCfg = Debug|Any CPU
		{36E407A7-1369-44D8-8930-8816CEED51F0}.Debug|Any CPU.Build.0 = Debug|Any CPU
		{36E407A7-1369-44D8-8930-8816CEED51F0}.Release|Any CPU.ActiveCfg = Release|Any CPU
		{36E407A7-1369-44D8-8930-8816CEED51F0}.Release|Any CPU.Build.0 = Release|Any CPU
		{2975C0CA-54F8-4A18-AB93-B22DB7FC4216}.Debug|Any CPU.ActiveCfg = Debug|Any CPU
		{2975C0CA-54F8-4A18-AB93-B22DB7FC4216}.Debug|Any CPU.Build.0 = Debug|Any CPU
		{2975C0CA-54F8-4A18-AB93-B22DB7FC4216}.Release|Any CPU.ActiveCfg = Release|Any CPU
		{2975C0CA-54F8-4A18-AB93-B22DB7FC4216}.Release|Any CPU.Build.0 = Release|Any CPU
		{683D7D10-A029-4129-A7E1-71EB7B16C4DF}.Debug|Any CPU.ActiveCfg = Debug|Any CPU
		{683D7D10-A029-4129-A7E1-71EB7B16C4DF}.Debug|Any CPU.Build.0 = Debug|Any CPU
		{683D7D10-A029-4129-A7E1-71EB7B16C4DF}.Release|Any CPU.ActiveCfg = Release|Any CPU
		{683D7D10-A029-4129-A7E1-71EB7B16C4DF}.Release|Any CPU.Build.0 = Release|Any CPU
		{939DEB97-9F37-4561-AF9F-00395767AD61}.Debug|Any CPU.ActiveCfg = Debug|Any CPU
		{939DEB97-9F37-4561-AF9F-00395767AD61}.Debug|Any CPU.Build.0 = Debug|Any CPU
		{939DEB97-9F37-4561-AF9F-00395767AD61}.Release|Any CPU.ActiveCfg = Release|Any CPU
		{939DEB97-9F37-4561-AF9F-00395767AD61}.Release|Any CPU.Build.0 = Release|Any CPU
		{35B9AD90-B39D-414A-924B-5B48968645B3}.Debug|Any CPU.ActiveCfg = Debug|Any CPU
		{35B9AD90-B39D-414A-924B-5B48968645B3}.Debug|Any CPU.Build.0 = Debug|Any CPU
		{35B9AD90-B39D-414A-924B-5B48968645B3}.Release|Any CPU.ActiveCfg = Release|Any CPU
		{35B9AD90-B39D-414A-924B-5B48968645B3}.Release|Any CPU.Build.0 = Release|Any CPU
	EndGlobalSection
	GlobalSection(SolutionProperties) = preSolution
		HideSolutionNode = FALSE
	EndGlobalSection
	GlobalSection(ExtensibilityGlobals) = postSolution
		SolutionGuid = {69A3ADF1-BFA3-486F-85FA-9A3259F575CB}
	EndGlobalSection
EndGlobal
